{
  "name": "chicken-cam",
  "version": "1.0.0",
  "lockfileVersion": 1,
  "requires": true,
  "dependencies": {
    "hls.js": {
      "version": "0.9.1",
      "resolved": "https://registry.npmjs.org/hls.js/-/hls.js-0.9.1.tgz",
      "integrity": "sha512-IklU+BgobPNIc6NMY+pyxElbwWKM7QmP2u0afB7KSK/1btAknTkDJmXasb4628EjgynjgDOVMmQ9sLg73S+lwQ==",
      "requires": {
        "string.prototype.endswith": "^0.2.0",
        "url-toolkit": "^2.1.2"
      }
    },
    "string.prototype.endswith": {
      "version": "0.2.0",
      "resolved": "https://registry.npmjs.org/string.prototype.endswith/-/string.prototype.endswith-0.2.0.tgz",
      "integrity": "sha1-oZwg3uUamHd+mkfhDwm+OTubunU="
    },
    "url-toolkit": {
      "version": "2.1.4",
      "resolved": "https://registry.npmjs.org/url-toolkit/-/url-toolkit-2.1.4.tgz",
      "integrity": "sha512-jAzm/85zNFfkW5Do/37GeGC7uGXBMMawToVdcf5SIpc+x9TmZDrRIUuLRPcvDMfqtt3m8VmDrYhCWh4UbsQLyg=="
    }
  }
}
